// !$*UTF8*$!
{
	archiveVersion = 1;
	classes = {
	};
	objectVersion = 48;
	objects = {

/* Begin PBXBuildFile section */
		DD1D9DAC1F88EE0D00853992 /* AppDelegate.swift in Sources */ = {isa = PBXBuildFile; fileRef = DD1D9DAB1F88EE0D00853992 /* AppDelegate.swift */; };
		DD1D9DAE1F88EE0D00853992 /* GameScene.sks in Resources */ = {isa = PBXBuildFile; fileRef = DD1D9DAD1F88EE0D00853992 /* GameScene.sks */; };
		DD1D9DB01F88EE0D00853992 /* Actions.sks in Resources */ = {isa = PBXBuildFile; fileRef = DD1D9DAF1F88EE0D00853992 /* Actions.sks */; };
		DD1D9DB21F88EE0D00853992 /* GameScene.swift in Sources */ = {isa = PBXBuildFile; fileRef = DD1D9DB11F88EE0D00853992 /* GameScene.swift */; };
		DD1D9DB41F88EE0D00853992 /* GameViewController.swift in Sources */ = {isa = PBXBuildFile; fileRef = DD1D9DB31F88EE0D00853992 /* GameViewController.swift */; };
		DD1D9DB71F88EE0D00853992 /* Main.storyboard in Resources */ = {isa = PBXBuildFile; fileRef = DD1D9DB51F88EE0D00853992 /* Main.storyboard */; };
		DD1D9DB91F88EE0D00853992 /* Assets.xcassets in Resources */ = {isa = PBXBuildFile; fileRef = DD1D9DB81F88EE0D00853992 /* Assets.xcassets */; };
		DD1D9DBC1F88EE0D00853992 /* LaunchScreen.storyboard in Resources */ = {isa = PBXBuildFile; fileRef = DD1D9DBA1F88EE0D00853992 /* LaunchScreen.storyboard */; };
		DDFBB7A71F8F99C700A78436 /* move.atlas in Resources */ = {isa = PBXBuildFile; fileRef = DDFBB7A61F8F99C100A78436 /* move.atlas */; };
		DDFBB7A91F8F9D2100A78436 /* PhysicsCategories.swift in Sources */ = {isa = PBXBuildFile; fileRef = DDFBB7A81F8F9D2100A78436 /* PhysicsCategories.swift */; };
/* End PBXBuildFile section */

/* Begin PBXFileReference section */
		DD1D9DA81F88EE0D00853992 /* Bug Game.app */ = {isa = PBXFileReference; explicitFileType = wrapper.application; includeInIndex = 0; path = "Bug Game.app"; sourceTree = BUILT_PRODUCTS_DIR; };
		DD1D9DAB1F88EE0D00853992 /* AppDelegate.swift */ = {isa = PBXFileReference; lastKnownFileType = sourcecode.swift; path = AppDelegate.swift; sourceTree = "<group>"; };
		DD1D9DAD1F88EE0D00853992 /* GameScene.sks */ = {isa = PBXFileReference; lastKnownFileType = file.sks; path = GameScene.sks; sourceTree = "<group>"; };
		DD1D9DAF1F88EE0D00853992 /* Actions.sks */ = {isa = PBXFileReference; lastKnownFileType = file.sks; path = Actions.sks; sourceTree = "<group>"; };
		DD1D9DB11F88EE0D00853992 /* GameScene.swift */ = {isa = PBXFileReference; lastKnownFileType = sourcecode.swift; path = GameScene.swift; sourceTree = "<group>"; };
		DD1D9DB31F88EE0D00853992 /* GameViewController.swift */ = {isa = PBXFileReference; lastKnownFileType = sourcecode.swift; path = GameViewController.swift; sourceTree = "<group>"; };
		DD1D9DB61F88EE0D00853992 /* Base */ = {isa = PBXFileReference; lastKnownFileType = file.storyboard; name = Base; path = Base.lproj/Main.storyboard; sourceTree = "<group>"; };
		DD1D9DB81F88EE0D00853992 /* Assets.xcassets */ = {isa = PBXFileReference; lastKnownFileType = folder.assetcatalog; path = Assets.xcassets; sourceTree = "<group>"; };
		DD1D9DBB1F88EE0D00853992 /* Base */ = {isa = PBXFileReference; lastKnownFileType = file.storyboard; name = Base; path = Base.lproj/LaunchScreen.storyboard; sourceTree = "<group>"; };
		DD1D9DBD1F88EE0D00853992 /* Info.plist */ = {isa = PBXFileReference; lastKnownFileType = text.plist.xml; path = Info.plist; sourceTree = "<group>"; };
		DDFBB7A61F8F99C100A78436 /* move.atlas */ = {isa = PBXFileReference; lastKnownFileType = folder.skatlas; name = move.atlas; path = ../../iosappgame1/move.atlas; sourceTree = "<group>"; };
		DDFBB7A81F8F9D2100A78436 /* PhysicsCategories.swift */ = {isa = PBXFileReference; lastKnownFileType = sourcecode.swift; path = PhysicsCategories.swift; sourceTree = "<group>"; };
/* End PBXFileReference section */

/* Begin PBXFrameworksBuildPhase section */
		DD1D9DA51F88EE0D00853992 /* Frameworks */ = {
			isa = PBXFrameworksBuildPhase;
			buildActionMask = 2147483647;
			files = (
			);
			runOnlyForDeploymentPostprocessing = 0;
		};
/* End PBXFrameworksBuildPhase section */

/* Begin PBXGroup section */
		DD1D9D9F1F88EE0D00853992 = {
			isa = PBXGroup;
			children = (
				DD1D9DAA1F88EE0D00853992 /* Bug Game */,
				DD1D9DA91F88EE0D00853992 /* Products */,
			);
			sourceTree = "<group>";
		};
		DD1D9DA91F88EE0D00853992 /* Products */ = {
			isa = PBXGroup;
			children = (
				DD1D9DA81F88EE0D00853992 /* Bug Game.app */,
			);
			name = Products;
			sourceTree = "<group>";
		};
		DD1D9DAA1F88EE0D00853992 /* Bug Game */ = {
			isa = PBXGroup;
			children = (
				DDFBB7A61F8F99C100A78436 /* move.atlas */,
				DD1D9DAB1F88EE0D00853992 /* AppDelegate.swift */,
				DD1D9DAD1F88EE0D00853992 /* GameScene.sks */,
				DD1D9DAF1F88EE0D00853992 /* Actions.sks */,
				DD1D9DB11F88EE0D00853992 /* GameScene.swift */,
				DD1D9DB31F88EE0D00853992 /* GameViewController.swift */,
				DD1D9DB51F88EE0D00853992 /* Main.storyboard */,
				DD1D9DB81F88EE0D00853992 /* Assets.xcassets */,
				DD1D9DBA1F88EE0D00853992 /* LaunchScreen.storyboard */,
				DD1D9DBD1F88EE0D00853992 /* Info.plist */,
				DDFBB7A81F8F9D2100A78436 /* PhysicsCategories.swift */,
			);
			path = "Bug Game";
			sourceTree = "<group>";
		};
/* End PBXGroup section */

/* Begin PBXNativeTarget section */
		DD1D9DA71F88EE0D00853992 /* Bug Game */ = {
			isa = PBXNativeTarget;
			buildConfigurationList = DD1D9DC01F88EE0D00853992 /* Build configuration list for PBXNativeTarget "Bug Game" */;
			buildPhases = (
				DD1D9DA41F88EE0D00853992 /* Sources */,
				DD1D9DA51F88EE0D00853992 /* Frameworks */,
				DD1D9DA61F88EE0D00853992 /* Resources */,
			);
			buildRules = (
			);
			dependencies = (
			);
			name = "Bug Game";
			productName = "Bug Game";
			productReference = DD1D9DA81F88EE0D00853992 /* Bug Game.app */;
			productType = "com.apple.product-type.application";
		};
/* End PBXNativeTarget section */

/* Begin PBXProject section */
		DD1D9DA01F88EE0D00853992 /* Project object */ = {
			isa = PBXProject;
			attributes = {
				LastSwiftUpdateCheck = 0900;
				LastUpgradeCheck = 0900;
				ORGANIZATIONNAME = "Jonas Haag";
				TargetAttributes = {
					DD1D9DA71F88EE0D00853992 = {
						CreatedOnToolsVersion = 9.0;
						ProvisioningStyle = Automatic;
					};
				};
			};
			buildConfigurationList = DD1D9DA31F88EE0D00853992 /* Build configuration list for PBXProject "Bug Game" */;
			compatibilityVersion = "Xcode 8.0";
			developmentRegion = en;
			hasScannedForEncodings = 0;
			knownRegions = (
				en,
				Base,
			);
			mainGroup = DD1D9D9F1F88EE0D00853992;
			productRefGroup = DD1D9DA91F88EE0D00853992 /* Products */;
			projectDirPath = "";
			projectRoot = "";
			targets = (
				DD1D9DA71F88EE0D00853992 /* Bug Game */,
			);
		};
/* End PBXProject section */

/* Begin PBXResourcesBuildPhase section */
		DD1D9DA61F88EE0D00853992 /* Resources */ = {
			isa = PBXResourcesBuildPhase;
			buildActionMask = 2147483647;
			files = (
				DD1D9DB71F88EE0D00853992 /* Main.storyboard in Resources */,
				DD1D9DAE1F88EE0D00853992 /* GameScene.sks in Resources */,
				DDFBB7A71F8F99C700A78436 /* move.atlas in Resources */,
				DD1D9DB91F88EE0D00853992 /* Assets.xcassets in Resources */,
				DD1D9DBC1F88EE0D00853992 /* LaunchScreen.storyboard in Resources */,
				DD1D9DB01F88EE0D00853992 /* Actions.sks in Resources */,
			);
			runOnlyForDeploymentPostprocessing = 0;
		};
/* End PBXResourcesBuildPhase section */

/* Begin PBXSourcesBuildPhase section */
		DD1D9DA41F88EE0D00853992 /* Sources */ = {
			isa = PBXSourcesBuildPhase;
			buildActionMask = 2147483647;
			files = (
				DD1D9DB21F88EE0D00853992 /* GameScene.swift in Sources */,
				DD1D9DB41F88EE0D00853992 /* GameViewController.swift in Sources */,
				DD1D9DAC1F88EE0D00853992 /* AppDelegate.swift in Sources */,
				DDFBB7A91F8F9D2100A78436 /* PhysicsCategories.swift in Sources */,
			);
			runOnlyForDeploymentPostprocessing = 0;
		};
/* End PBXSourcesBuildPhase section */

/* Begin PBXVariantGroup section */
		DD1D9DB51F88EE0D00853992 /* Main.storyboard */ = {
			isa = PBXVariantGroup;
			children = (
				DD1D9DB61F88EE0D00853992 /* Base */,
			);
			name = Main.storyboard;
			sourceTree = "<group>";
		};
		DD1D9DBA1F88EE0D00853992 /* LaunchScreen.storyboard */ = {
			isa = PBXVariantGroup;
			children = (
				DD1D9DBB1F88EE0D00853992 /* Base */,
			);
			name = LaunchScreen.storyboard;
			sourceTree = "<group>";
		};
/* End PBXVariantGroup section */

/* Begin XCBuildConfiguration section */
		DD1D9DBE1F88EE0D00853992 /* Debug */ = {
			isa = XCBuildConfiguration;
			buildSettings = {
				ALWAYS_SEARCH_USER_PATHS = NO;
				CLANG_ANALYZER_NONNULL = YES;
				CLANG_ANALYZER_NUMBER_OBJECT_CONVERSION = YES_AGGRESSIVE;
				CLANG_CXX_LANGUAGE_STANDARD = "gnu++14";
				CLANG_CXX_LIBRARY = "libc++";
				CLANG_ENABLE_MODULES = YES;
				CLANG_ENABLE_OBJC_ARC = YES;
				CLANG_WARN_BLOCK_CAPTURE_AUTORELEASING = YES;
				CLANG_WARN_BOOL_CONVERSION = YES;
				CLANG_WARN_COMMA = YES;
				CLANG_WARN_CONSTANT_CONVERSION = YES;
				CLANG_WARN_DIRECT_OBJC_ISA_USAGE = YES_ERROR;
				CLANG_WARN_DOCUMENTATION_COMMENTS = YES;
				CLANG_WARN_EMPTY_BODY = YES;
				CLANG_WARN_ENUM_CONVERSION = YES;
				CLANG_WARN_INFINITE_RECURSION = YES;
				CLANG_WARN_INT_CONVERSION = YES;
				CLANG_WARN_NON_LITERAL_NULL_CONVERSION = YES;
				CLANG_WARN_OBJC_LITERAL_CONVERSION = YES;
				CLANG_WARN_OBJC_ROOT_CLASS = YES_ERROR;
				CLANG_WARN_RANGE_LOOP_ANALYSIS = YES;
				CLANG_WARN_STRICT_PROTOTYPES = YES;
				CLANG_WARN_SUSPICIOUS_MOVE = YES;
				CLANG_WARN_UNGUARDED_AVAILABILITY = YES_AGGRESSIVE;
				CLANG_WARN_UNREACHABLE_CODE = YES;
				CLANG_WARN__DUPLICATE_METHOD_MATCH = YES;
				CODE_SIGN_IDENTITY = "iPhone Developer";
				COPY_PHASE_STRIP = NO;
				DEBUG_INFORMATION_FORMAT = dwarf;
				ENABLE_STRICT_OBJC_MSGSEND = YES;
				ENABLE_TESTABILITY = YES;
				GCC_C_LANGUAGE_STANDARD = gnu11;
				GCC_DYNAMIC_NO_PIC = NO;
				GCC_NO_COMMON_BLOCKS = YES;
				GCC_OPTIMIZATION_LEVEL = 0;
				GCC_PREPROCESSOR_DEFINITIONS = (
					"DEBUG=1",
					"$(inherited)",
				);
				GCC_WARN_64_TO_32_BIT_CONVERSION = YES;
				GCC_WARN_ABOUT_RETURN_TYPE = YES_ERROR;
				GCC_WARN_UNDECLARED_SELECTOR = YES;
				GCC_WARN_UNINITIALIZED_AUTOS = YES_AGGRESSIVE;
				GCC_WARN_UNUSED_FUNCTION = YES;
				GCC_WARN_UNUSED_VARIABLE = YES;
				IPHONEOS_DEPLOYMENT_TARGET = 11.0;
				MTL_ENABLE_DEBUG_INFO = YES;
				ONLY_ACTIVE_ARCH = YES;
				SDKROOT = iphoneos;
				SWIFT_ACTIVE_COMPILATION_CONDITIONS = DEBUG;
				SWIFT_OPTIMIZATION_LEVEL = "-Onone";
			};
			name = Debug;
		};
		DD1D9DBF1F88EE0D00853992 /* Release */ = {
			isa = XCBuildConfiguration;
			buildSettings = {
				ALWAYS_SEARCH_USER_PATHS = NO;
				CLANG_ANALYZER_NONNULL = YES;
				CLANG_ANALYZER_NUMBER_OBJECT_CONVERSION = YES_AGGRESSIVE;
				CLANG_CXX_LANGUAGE_STANDARD = "gnu++14";
				CLANG_CXX_LIBRARY = "libc++";
				CLANG_ENABLE_MODULES = YES;
				CLANG_ENABLE_OBJC_ARC = YES;
				CLANG_WARN_BLOCK_CAPTURE_AUTORELEASING = YES;
				CLANG_WARN_BOOL_CONVERSION = YES;
				CLANG_WARN_COMMA = YES;
				CLANG_WARN_CONSTANT_CONVERSION = YES;
				CLANG_WARN_DIRECT_OBJC_ISA_USAGE = YES_ERROR;
				CLANG_WARN_DOCUMENTATION_COMMENTS = YES;
				CLANG_WARN_EMPTY_BODY = YES;
				CLANG_WARN_ENUM_CONVERSION = YES;
				CLANG_WARN_INFINITE_RECURSION = YES;
				CLANG_WARN_INT_CONVERSION = YES;
				CLANG_WARN_NON_LITERAL_NULL_CONVERSION = YES;
				CLANG_WARN_OBJC_LITERAL_CONVERSION = YES;
				CLANG_WARN_OBJC_ROOT_CLASS = YES_ERROR;
				CLANG_WARN_RANGE_LOOP_ANALYSIS = YES;
				CLANG_WARN_STRICT_PROTOTYPES = YES;
				CLANG_WARN_SUSPICIOUS_MOVE = YES;
				CLANG_WARN_UNGUARDED_AVAILABILITY = YES_AGGRESSIVE;
				CLANG_WARN_UNREACHABLE_CODE = YES;
				CLANG_WARN__DUPLICATE_METHOD_MATCH = YES;
				CODE_SIGN_IDENTITY = "iPhone Developer";
				COPY_PHASE_STRIP = NO;
				DEBUG_INFORMATION_FORMAT = "dwarf-with-dsym";
				ENABLE_NS_ASSERTIONS = NO;
				ENABLE_STRICT_OBJC_MSGSEND = YES;
				GCC_C_LANGUAGE_STANDARD = gnu11;
				GCC_NO_COMMON_BLOCKS = YES;
				GCC_WARN_64_TO_32_BIT_CONVERSION = YES;
				GCC_WARN_ABOUT_RETURN_TYPE = YES_ERROR;
				GCC_WARN_UNDECLARED_SELECTOR = YES;
				GCC_WARN_UNINITIALIZED_AUTOS = YES_AGGRESSIVE;
				GCC_WARN_UNUSED_FUNCTION = YES;
				GCC_WARN_UNUSED_VARIABLE = YES;
				IPHONEOS_DEPLOYMENT_TARGET = 11.0;
				MTL_ENABLE_DEBUG_INFO = NO;
				SDKROOT = iphoneos;
				SWIFT_OPTIMIZATION_LEVEL = "-Owholemodule";
				VALIDATE_PRODUCT = YES;
			};
			name = Release;
		};
		DD1D9DC11F88EE0D00853992 /* Debug */ = {
			isa = XCBuildConfiguration;
			buildSettings = {
				ASSETCATALOG_COMPILER_APPICON_NAME = AppIcon;
				CODE_SIGN_STYLE = Automatic;
				DEVELOPMENT_TEAM = VR4U43Q79Z;
				INFOPLIST_FILE = "Bug Game/Info.plist";
				IPHONEOS_DEPLOYMENT_TARGET = 10.0;
				LD_RUNPATH_SEARCH_PATHS = "$(inherited) @executable_path/Frameworks";
				PRODUCT_BUNDLE_IDENTIFIER = "se.jonashaag.Bug-Game";
				PRODUCT_NAME = "$(TARGET_NAME)";
				SWIFT_VERSION = 4.0;
				TARGETED_DEVICE_FAMILY = "1,2";
			};
			name = Debug;
		};
		DD1D9DC21F88EE0D00853992 /* Release */ = {
			isa = XCBuildConfiguration;
			buildSettings = {
				ASSETCATALOG_COMPILER_APPICON_NAME = AppIcon;
				CODE_SIGN_STYLE = Automatic;
				DEVELOPMENT_TEAM = VR4U43Q79Z;
				INFOPLIST_FILE = "Bug Game/Info.plist";
				IPHONEOS_DEPLOYMENT_TARGET = 10.0;
				LD_RUNPATH_SEARCH_PATHS = "$(inherited) @executable_path/Frameworks";
				PRODUCT_BUNDLE_IDENTIFIER = "se.jonashaag.Bug-Game";
				PRODUCT_NAME = "$(TARGET_NAME)";
				SWIFT_VERSION = 4.0;
				TARGETED_DEVICE_FAMILY = "1,2";
			};
			name = Release;
		};
/* End XCBuildConfiguration section */

/* Begin XCConfigurationList section */
		DD1D9DA31F88EE0D00853992 /* Build configuration list for PBXProject "Bug Game" */ = {
			isa = XCConfigurationList;
			buildConfigurations = (
				DD1D9DBE1F88EE0D00853992 /* Debug */,
				DD1D9DBF1F88EE0D00853992 /* Release */,
			);
			defaultConfigurationIsVisible = 0;
			defaultConfigurationName = Release;
		};
		DD1D9DC01F88EE0D00853992 /* Build configuration list for PBXNativeTarget "Bug Game" */ = {
			isa = XCConfigurationList;
			buildConfigurations = (
				DD1D9DC11F88EE0D00853992 /* Debug */,
				DD1D9DC21F88EE0D00853992 /* Release */,
			);
			defaultConfigurationIsVisible = 0;
			defaultConfigurationName = Release;
		};
/* End XCConfigurationList section */
	};
	rootObject = DD1D9DA01F88EE0D00853992 /* Project object */;
}
